
Microsoft Visual Studio Solution File, Format Version 12.00
# Visual Studio Version 17
VisualStudioVersion = 17.1.32328.378
MinimumVisualStudioVersion = 10.0.40219.1
Project("{9A19103F-16F7-4668-BE54-9A1E7A4F7556}") = "CloudSnake.WinForms", "CloudSnake.WinForms\CloudSnake.WinForms.csproj", "{0B11F528-3FFB-4222-A2FC-36C56CB8EC72}"
EndProject
Project("{9A19103F-16F7-4668-BE54-9A1E7A4F7556}") = "CloudSnake.WebApi", "CloudSnake.WebApi\CloudSnake.WebApi.csproj", "{0AAB2B80-0F62-4ED0-B280-02CED14D0F33}"
EndProject
Project("{9A19103F-16F7-4668-BE54-9A1E7A4F7556}") = "CloudSnake.Grpc", "CloudSnake.Grpc\CloudSnake.Grpc.csproj", "{7B7A21B1-D47D-4083-BECF-EE02A488DB7E}"
EndProject
Project("{9A19103F-16F7-4668-BE54-9A1E7A4F7556}") = "CloudSnake.FunctionApp", "CloudSnake.FunctionApp\CloudSnake.FunctionApp.csproj", "{DF7B37B6-F78F-436B-8820-452C16DED2E7}"
EndProject
<<<<<<< HEAD:CloudSnake.sln
Project("{FAE04EC0-301F-11D3-BF4B-00C04F79EFBC}") = "CloudSnake.SignalR", "CloudSnake.SignalR\CloudSnake.SignalR.csproj", "{529704F4-F353-4228-9A6F-F220207CEF14}"
=======
Project("{FAE04EC0-301F-11D3-BF4B-00C04F79EFBC}") = "CloudSnake.Domain", "CloudSnake.Domain\CloudSnake.Domain.csproj", "{5B36CA92-EFB5-43FB-9CBA-FE0F5CEA8A7A}"
EndProject
Project("{FAE04EC0-301F-11D3-BF4B-00C04F79EFBC}") = "CloudSnake.DataAccess", "CloudSnake.DataAccess\CloudSnake.DataAccess.csproj", "{99C97ED5-EB50-4428-9010-D72C76AB2223}"
EndProject
Project("{FAE04EC0-301F-11D3-BF4B-00C04F79EFBC}") = "CloudSnake.Business", "CloudSnake.Business\CloudSnake.Business.csproj", "{4A6E2D8D-253C-40FD-B0A7-F1E87AD47988}"
EndProject
Project("{FAE04EC0-301F-11D3-BF4B-00C04F79EFBC}") = "CloudSnake.Dto", "CloudSnake.Dto\CloudSnake.Dto.csproj", "{AA19494D-A2B2-453F-8AF2-858B119632ED}"
>>>>>>> d23934cf1c5460b8b324dc4271ef4da0cea07fe8:CloudSnake.WinForms.sln
EndProject
Global
	GlobalSection(SolutionConfigurationPlatforms) = preSolution
		Debug|Any CPU = Debug|Any CPU
		Release|Any CPU = Release|Any CPU
	EndGlobalSection
	GlobalSection(ProjectConfigurationPlatforms) = postSolution
		{0B11F528-3FFB-4222-A2FC-36C56CB8EC72}.Debug|Any CPU.ActiveCfg = Debug|Any CPU
		{0B11F528-3FFB-4222-A2FC-36C56CB8EC72}.Debug|Any CPU.Build.0 = Debug|Any CPU
		{0B11F528-3FFB-4222-A2FC-36C56CB8EC72}.Release|Any CPU.ActiveCfg = Release|Any CPU
		{0B11F528-3FFB-4222-A2FC-36C56CB8EC72}.Release|Any CPU.Build.0 = Release|Any CPU
		{0AAB2B80-0F62-4ED0-B280-02CED14D0F33}.Debug|Any CPU.ActiveCfg = Debug|Any CPU
		{0AAB2B80-0F62-4ED0-B280-02CED14D0F33}.Debug|Any CPU.Build.0 = Debug|Any CPU
		{0AAB2B80-0F62-4ED0-B280-02CED14D0F33}.Release|Any CPU.ActiveCfg = Release|Any CPU
		{0AAB2B80-0F62-4ED0-B280-02CED14D0F33}.Release|Any CPU.Build.0 = Release|Any CPU
		{7B7A21B1-D47D-4083-BECF-EE02A488DB7E}.Debug|Any CPU.ActiveCfg = Debug|Any CPU
		{7B7A21B1-D47D-4083-BECF-EE02A488DB7E}.Debug|Any CPU.Build.0 = Debug|Any CPU
		{7B7A21B1-D47D-4083-BECF-EE02A488DB7E}.Release|Any CPU.ActiveCfg = Release|Any CPU
		{7B7A21B1-D47D-4083-BECF-EE02A488DB7E}.Release|Any CPU.Build.0 = Release|Any CPU
		{DF7B37B6-F78F-436B-8820-452C16DED2E7}.Debug|Any CPU.ActiveCfg = Debug|Any CPU
		{DF7B37B6-F78F-436B-8820-452C16DED2E7}.Debug|Any CPU.Build.0 = Debug|Any CPU
		{DF7B37B6-F78F-436B-8820-452C16DED2E7}.Release|Any CPU.ActiveCfg = Release|Any CPU
		{DF7B37B6-F78F-436B-8820-452C16DED2E7}.Release|Any CPU.Build.0 = Release|Any CPU
<<<<<<< HEAD:CloudSnake.sln
		{529704F4-F353-4228-9A6F-F220207CEF14}.Debug|Any CPU.ActiveCfg = Debug|Any CPU
		{529704F4-F353-4228-9A6F-F220207CEF14}.Debug|Any CPU.Build.0 = Debug|Any CPU
		{529704F4-F353-4228-9A6F-F220207CEF14}.Release|Any CPU.ActiveCfg = Release|Any CPU
		{529704F4-F353-4228-9A6F-F220207CEF14}.Release|Any CPU.Build.0 = Release|Any CPU
=======
		{5B36CA92-EFB5-43FB-9CBA-FE0F5CEA8A7A}.Debug|Any CPU.ActiveCfg = Debug|Any CPU
		{5B36CA92-EFB5-43FB-9CBA-FE0F5CEA8A7A}.Debug|Any CPU.Build.0 = Debug|Any CPU
		{5B36CA92-EFB5-43FB-9CBA-FE0F5CEA8A7A}.Release|Any CPU.ActiveCfg = Release|Any CPU
		{5B36CA92-EFB5-43FB-9CBA-FE0F5CEA8A7A}.Release|Any CPU.Build.0 = Release|Any CPU
		{99C97ED5-EB50-4428-9010-D72C76AB2223}.Debug|Any CPU.ActiveCfg = Debug|Any CPU
		{99C97ED5-EB50-4428-9010-D72C76AB2223}.Debug|Any CPU.Build.0 = Debug|Any CPU
		{99C97ED5-EB50-4428-9010-D72C76AB2223}.Release|Any CPU.ActiveCfg = Release|Any CPU
		{99C97ED5-EB50-4428-9010-D72C76AB2223}.Release|Any CPU.Build.0 = Release|Any CPU
		{4A6E2D8D-253C-40FD-B0A7-F1E87AD47988}.Debug|Any CPU.ActiveCfg = Debug|Any CPU
		{4A6E2D8D-253C-40FD-B0A7-F1E87AD47988}.Debug|Any CPU.Build.0 = Debug|Any CPU
		{4A6E2D8D-253C-40FD-B0A7-F1E87AD47988}.Release|Any CPU.ActiveCfg = Release|Any CPU
		{4A6E2D8D-253C-40FD-B0A7-F1E87AD47988}.Release|Any CPU.Build.0 = Release|Any CPU
		{AA19494D-A2B2-453F-8AF2-858B119632ED}.Debug|Any CPU.ActiveCfg = Debug|Any CPU
		{AA19494D-A2B2-453F-8AF2-858B119632ED}.Debug|Any CPU.Build.0 = Debug|Any CPU
		{AA19494D-A2B2-453F-8AF2-858B119632ED}.Release|Any CPU.ActiveCfg = Release|Any CPU
		{AA19494D-A2B2-453F-8AF2-858B119632ED}.Release|Any CPU.Build.0 = Release|Any CPU
>>>>>>> d23934cf1c5460b8b324dc4271ef4da0cea07fe8:CloudSnake.WinForms.sln
	EndGlobalSection
	GlobalSection(SolutionProperties) = preSolution
		HideSolutionNode = FALSE
	EndGlobalSection
	GlobalSection(ExtensibilityGlobals) = postSolution
		SolutionGuid = {E904AA03-52AA-476A-9996-93BE6DCBD865}
	EndGlobalSection
EndGlobal
